
Microsoft Visual Studio Solution File, Format Version 12.00
# Visual Studio Version 17
VisualStudioVersion = 17.0.32112.339
MinimumVisualStudioVersion = 10.0.40219.1
Project("{9A19103F-16F7-4668-BE54-9A1E7A4F7556}") = "Lombiq.Tests.UI", "Lombiq.Tests.UI\Lombiq.Tests.UI.csproj", "{DFD31967-1510-4C93-A7F9-E55C307CD230}"
EndProject
Project("{9A19103F-16F7-4668-BE54-9A1E7A4F7556}") = "Lombiq.Tests.UI.AppExtensions", "Lombiq.Tests.UI.AppExtensions\Lombiq.Tests.UI.AppExtensions.csproj", "{4E000537-7F13-4145-AA8F-DDDECBEAEC9F}"
EndProject
Project("{9A19103F-16F7-4668-BE54-9A1E7A4F7556}") = "Lombiq.Tests.UI.Shortcuts", "Lombiq.Tests.UI.Shortcuts\Lombiq.Tests.UI.Shortcuts.csproj", "{8D9BE6BF-63D3-4329-803A-DCFE8CA94D54}"
EndProject
Global
	GlobalSection(SolutionConfigurationPlatforms) = preSolution
		Debug|Any CPU = Debug|Any CPU
		Release|Any CPU = Release|Any CPU
	EndGlobalSection
	GlobalSection(ProjectConfigurationPlatforms) = postSolution
		{DFD31967-1510-4C93-A7F9-E55C307CD230}.Debug|Any CPU.ActiveCfg = Debug|Any CPU
		{DFD31967-1510-4C93-A7F9-E55C307CD230}.Debug|Any CPU.Build.0 = Debug|Any CPU
		{DFD31967-1510-4C93-A7F9-E55C307CD230}.Release|Any CPU.ActiveCfg = Release|Any CPU
		{DFD31967-1510-4C93-A7F9-E55C307CD230}.Release|Any CPU.Build.0 = Release|Any CPU
		{4E000537-7F13-4145-AA8F-DDDECBEAEC9F}.Debug|Any CPU.ActiveCfg = Debug|Any CPU
		{4E000537-7F13-4145-AA8F-DDDECBEAEC9F}.Debug|Any CPU.Build.0 = Debug|Any CPU
		{4E000537-7F13-4145-AA8F-DDDECBEAEC9F}.Release|Any CPU.ActiveCfg = Release|Any CPU
		{4E000537-7F13-4145-AA8F-DDDECBEAEC9F}.Release|Any CPU.Build.0 = Release|Any CPU
		{8D9BE6BF-63D3-4329-803A-DCFE8CA94D54}.Debug|Any CPU.ActiveCfg = Debug|Any CPU
		{8D9BE6BF-63D3-4329-803A-DCFE8CA94D54}.Debug|Any CPU.Build.0 = Debug|Any CPU
		{8D9BE6BF-63D3-4329-803A-DCFE8CA94D54}.Release|Any CPU.ActiveCfg = Release|Any CPU
		{8D9BE6BF-63D3-4329-803A-DCFE8CA94D54}.Release|Any CPU.Build.0 = Release|Any CPU
	EndGlobalSection
	GlobalSection(SolutionProperties) = preSolution
		HideSolutionNode = FALSE
	EndGlobalSection
	GlobalSection(ExtensibilityGlobals) = postSolution
		SolutionGuid = {030E57A3-0EFB-4B35-8587-328927F03BD2}
	EndGlobalSection
EndGlobal
